
Microsoft Visual Studio Solution File, Format Version 12.00
# Visual Studio Version 17
VisualStudioVersion = 17.7.34221.43
MinimumVisualStudioVersion = 10.0.40219.1
Project("{FAE04EC0-301F-11D3-BF4B-00C04F79EFBC}") = "GoogleMapsWebview", "GoogleMapsWebview\GoogleMapsWebview.csproj", "{F14F5207-585E-4513-9535-8BD5EC244B97}"
EndProject
Global
	GlobalSection(SolutionConfigurationPlatforms) = preSolution
		Debug|Any CPU = Debug|Any CPU
		Release|Any CPU = Release|Any CPU
	EndGlobalSection
	GlobalSection(ProjectConfigurationPlatforms) = postSolution
		{F14F5207-585E-4513-9535-8BD5EC244B97}.Debug|Any CPU.ActiveCfg = Debug|Any CPU
		{F14F5207-585E-4513-9535-8BD5EC244B97}.Debug|Any CPU.Build.0 = Debug|Any CPU
		{F14F5207-585E-4513-9535-8BD5EC244B97}.Release|Any CPU.ActiveCfg = Release|Any CPU
		{F14F5207-585E-4513-9535-8BD5EC244B97}.Release|Any CPU.Build.0 = Release|Any CPU
	EndGlobalSection
	GlobalSection(SolutionProperties) = preSolution
		HideSolutionNode = FALSE
	EndGlobalSection
	GlobalSection(ExtensibilityGlobals) = postSolution
		SolutionGuid = {1EF085E9-BD9B-4EE5-BD4E-EF8EF7B0AAA0}
	EndGlobalSection
EndGlobal
